// !$*UTF8*$!
{
	archiveVersion = 1;
	classes = {
	};
	objectVersion = 56;
	objects = {

/* Begin PBXBuildFile section */
		14827E142B15133300B5C70E /* VariableView.swift in Sources */ = {isa = PBXBuildFile; fileRef = 14827E132B15133300B5C70E /* VariableView.swift */; };
		14827E162B15134200B5C70E /* BalanceView.swift in Sources */ = {isa = PBXBuildFile; fileRef = 14827E152B15134200B5C70E /* BalanceView.swift */; };
		14827E182B151B3E00B5C70E /* Player7.swift in Sources */ = {isa = PBXBuildFile; fileRef = 14827E172B151B3E00B5C70E /* Player7.swift */; };
		14827E1A2B151B4F00B5C70E /* Player8.swift in Sources */ = {isa = PBXBuildFile; fileRef = 14827E192B151B4F00B5C70E /* Player8.swift */; };
		14827E1C2B151B6300B5C70E /* Player9.swift in Sources */ = {isa = PBXBuildFile; fileRef = 14827E1B2B151B6300B5C70E /* Player9.swift */; };
		294E3D412AFECCFF0019A55F /* Player.swift in Sources */ = {isa = PBXBuildFile; fileRef = 294E3D402AFECCFF0019A55F /* Player.swift */; };
		294E3D442AFECD3D0019A55F /* Player1.swift in Sources */ = {isa = PBXBuildFile; fileRef = 294E3D432AFECD3D0019A55F /* Player1.swift */; };
		294E3D462AFECDA00019A55F /* Player2.swift in Sources */ = {isa = PBXBuildFile; fileRef = 294E3D452AFECDA00019A55F /* Player2.swift */; };
		294E3D482AFED0850019A55F /* VariableGenerator.swift in Sources */ = {isa = PBXBuildFile; fileRef = 294E3D472AFED0850019A55F /* VariableGenerator.swift */; };
		294E3D4A2AFED7910019A55F /* ExtendedEuclidean.swift in Sources */ = {isa = PBXBuildFile; fileRef = 294E3D492AFED7910019A55F /* ExtendedEuclidean.swift */; };
		2993ED0C2AFECB700077708E /* CryptoSimulationApp.swift in Sources */ = {isa = PBXBuildFile; fileRef = 2993ED0B2AFECB700077708E /* CryptoSimulationApp.swift */; };
		2993ED0E2AFECB700077708E /* ContentView.swift in Sources */ = {isa = PBXBuildFile; fileRef = 2993ED0D2AFECB700077708E /* ContentView.swift */; };
		2993ED102AFECB710077708E /* Assets.xcassets in Resources */ = {isa = PBXBuildFile; fileRef = 2993ED0F2AFECB710077708E /* Assets.xcassets */; };
		2993ED132AFECB710077708E /* Preview Assets.xcassets in Resources */ = {isa = PBXBuildFile; fileRef = 2993ED122AFECB710077708E /* Preview Assets.xcassets */; };
		29A5C1252B142BAF00348C3B /* Simulation.swift in Sources */ = {isa = PBXBuildFile; fileRef = 29A5C1242B142BAF00348C3B /* Simulation.swift */; };
		29A5C1272B14344A00348C3B /* Player10.swift in Sources */ = {isa = PBXBuildFile; fileRef = 29A5C1262B14344A00348C3B /* Player10.swift */; };
		29A5C12A2B1434E500348C3B /* Player3.swift in Sources */ = {isa = PBXBuildFile; fileRef = 29A5C1292B1434E500348C3B /* Player3.swift */; };
		29A5C12C2B1434F300348C3B /* Player4.swift in Sources */ = {isa = PBXBuildFile; fileRef = 29A5C12B2B1434F300348C3B /* Player4.swift */; };
		29A5C12E2B1434FB00348C3B /* Player5.swift in Sources */ = {isa = PBXBuildFile; fileRef = 29A5C12D2B1434FB00348C3B /* Player5.swift */; };
		29A5C1302B14350400348C3B /* Player6.swift in Sources */ = {isa = PBXBuildFile; fileRef = 29A5C12F2B14350400348C3B /* Player6.swift */; };
		29A5C1342B144A5D00348C3B /* ResultView.swift in Sources */ = {isa = PBXBuildFile; fileRef = 29A5C1332B144A5D00348C3B /* ResultView.swift */; };
		29A5C1362B144A9000348C3B /* TabBarView.swift in Sources */ = {isa = PBXBuildFile; fileRef = 29A5C1352B144A9000348C3B /* TabBarView.swift */; };
/* End PBXBuildFile section */

/* Begin PBXFileReference section */
		14827E132B15133300B5C70E /* VariableView.swift */ = {isa = PBXFileReference; lastKnownFileType = sourcecode.swift; path = VariableView.swift; sourceTree = "<group>"; };
		14827E152B15134200B5C70E /* BalanceView.swift */ = {isa = PBXFileReference; lastKnownFileType = sourcecode.swift; path = BalanceView.swift; sourceTree = "<group>"; };
		14827E172B151B3E00B5C70E /* Player7.swift */ = {isa = PBXFileReference; lastKnownFileType = sourcecode.swift; path = Player7.swift; sourceTree = "<group>"; };
		14827E192B151B4F00B5C70E /* Player8.swift */ = {isa = PBXFileReference; lastKnownFileType = sourcecode.swift; path = Player8.swift; sourceTree = "<group>"; };
		14827E1B2B151B6300B5C70E /* Player9.swift */ = {isa = PBXFileReference; lastKnownFileType = sourcecode.swift; path = Player9.swift; sourceTree = "<group>"; };
		294E3D402AFECCFF0019A55F /* Player.swift */ = {isa = PBXFileReference; indentWidth = 2; lastKnownFileType = sourcecode.swift; path = Player.swift; sourceTree = "<group>"; tabWidth = 2; };
		294E3D432AFECD3D0019A55F /* Player1.swift */ = {isa = PBXFileReference; indentWidth = 2; lastKnownFileType = sourcecode.swift; path = Player1.swift; sourceTree = "<group>"; tabWidth = 2; };
		294E3D452AFECDA00019A55F /* Player2.swift */ = {isa = PBXFileReference; lastKnownFileType = sourcecode.swift; path = Player2.swift; sourceTree = "<group>"; };
		294E3D472AFED0850019A55F /* VariableGenerator.swift */ = {isa = PBXFileReference; lastKnownFileType = sourcecode.swift; path = VariableGenerator.swift; sourceTree = "<group>"; };
		294E3D492AFED7910019A55F /* ExtendedEuclidean.swift */ = {isa = PBXFileReference; lastKnownFileType = sourcecode.swift; path = ExtendedEuclidean.swift; sourceTree = "<group>"; };
		2993ED082AFECB700077708E /* CryptoSimulation.app */ = {isa = PBXFileReference; explicitFileType = wrapper.application; includeInIndex = 0; path = CryptoSimulation.app; sourceTree = BUILT_PRODUCTS_DIR; };
		2993ED0B2AFECB700077708E /* CryptoSimulationApp.swift */ = {isa = PBXFileReference; lastKnownFileType = sourcecode.swift; path = CryptoSimulationApp.swift; sourceTree = "<group>"; };
		2993ED0D2AFECB700077708E /* ContentView.swift */ = {isa = PBXFileReference; lastKnownFileType = sourcecode.swift; path = ContentView.swift; sourceTree = "<group>"; };
		2993ED0F2AFECB710077708E /* Assets.xcassets */ = {isa = PBXFileReference; lastKnownFileType = folder.assetcatalog; path = Assets.xcassets; sourceTree = "<group>"; };
		2993ED122AFECB710077708E /* Preview Assets.xcassets */ = {isa = PBXFileReference; lastKnownFileType = folder.assetcatalog; path = "Preview Assets.xcassets"; sourceTree = "<group>"; };
		29A5C1242B142BAF00348C3B /* Simulation.swift */ = {isa = PBXFileReference; lastKnownFileType = sourcecode.swift; path = Simulation.swift; sourceTree = "<group>"; };
		29A5C1262B14344A00348C3B /* Player10.swift */ = {isa = PBXFileReference; lastKnownFileType = sourcecode.swift; path = Player10.swift; sourceTree = "<group>"; };
		29A5C1292B1434E500348C3B /* Player3.swift */ = {isa = PBXFileReference; lastKnownFileType = sourcecode.swift; path = Player3.swift; sourceTree = "<group>"; };
		29A5C12B2B1434F300348C3B /* Player4.swift */ = {isa = PBXFileReference; lastKnownFileType = sourcecode.swift; path = Player4.swift; sourceTree = "<group>"; };
		29A5C12D2B1434FB00348C3B /* Player5.swift */ = {isa = PBXFileReference; lastKnownFileType = sourcecode.swift; path = Player5.swift; sourceTree = "<group>"; };
		29A5C12F2B14350400348C3B /* Player6.swift */ = {isa = PBXFileReference; lastKnownFileType = sourcecode.swift; path = Player6.swift; sourceTree = "<group>"; };
		29A5C1332B144A5D00348C3B /* ResultView.swift */ = {isa = PBXFileReference; lastKnownFileType = sourcecode.swift; path = ResultView.swift; sourceTree = "<group>"; };
		29A5C1352B144A9000348C3B /* TabBarView.swift */ = {isa = PBXFileReference; lastKnownFileType = sourcecode.swift; path = TabBarView.swift; sourceTree = "<group>"; };
/* End PBXFileReference section */

/* Begin PBXFrameworksBuildPhase section */
		2993ED052AFECB700077708E /* Frameworks */ = {
			isa = PBXFrameworksBuildPhase;
			buildActionMask = 2147483647;
			files = (
			);
			runOnlyForDeploymentPostprocessing = 0;
		};
/* End PBXFrameworksBuildPhase section */

/* Begin PBXGroup section */
		294E3D422AFECD070019A55F /* Model */ = {
			isa = PBXGroup;
			children = (
				29A5C1282B1434D200348C3B /* Players */,
				29A5C1242B142BAF00348C3B /* Simulation.swift */,
				294E3D492AFED7910019A55F /* ExtendedEuclidean.swift */,
				294E3D472AFED0850019A55F /* VariableGenerator.swift */,
			);
			path = Model;
			sourceTree = "<group>";
		};
		2993ECFF2AFECB700077708E = {
			isa = PBXGroup;
			children = (
				2993ED0A2AFECB700077708E /* CryptoSimulation */,
				2993ED092AFECB700077708E /* Products */,
			);
			indentWidth = 2;
			sourceTree = "<group>";
			tabWidth = 2;
		};
		2993ED092AFECB700077708E /* Products */ = {
			isa = PBXGroup;
			children = (
				2993ED082AFECB700077708E /* CryptoSimulation.app */,
			);
			name = Products;
			sourceTree = "<group>";
		};
		2993ED0A2AFECB700077708E /* CryptoSimulation */ = {
			isa = PBXGroup;
			children = (
				2993ED0B2AFECB700077708E /* CryptoSimulationApp.swift */,
				294E3D422AFECD070019A55F /* Model */,
				29DAEE802B0D6E200079221B /* View */,
				2993ED0F2AFECB710077708E /* Assets.xcassets */,
				2993ED112AFECB710077708E /* Preview Content */,
			);
			path = CryptoSimulation;
			sourceTree = "<group>";
		};
		2993ED112AFECB710077708E /* Preview Content */ = {
			isa = PBXGroup;
			children = (
				2993ED122AFECB710077708E /* Preview Assets.xcassets */,
			);
			path = "Preview Content";
			sourceTree = "<group>";
		};
		29A5C1282B1434D200348C3B /* Players */ = {
			isa = PBXGroup;
			children = (
				294E3D402AFECCFF0019A55F /* Player.swift */,
				294E3D432AFECD3D0019A55F /* Player1.swift */,
				294E3D452AFECDA00019A55F /* Player2.swift */,
				29A5C1292B1434E500348C3B /* Player3.swift */,
				29A5C12B2B1434F300348C3B /* Player4.swift */,
				29A5C12D2B1434FB00348C3B /* Player5.swift */,
				29A5C12F2B14350400348C3B /* Player6.swift */,
				14827E172B151B3E00B5C70E /* Player7.swift */,
				14827E192B151B4F00B5C70E /* Player8.swift */,
				14827E1B2B151B6300B5C70E /* Player9.swift */,
				29A5C1262B14344A00348C3B /* Player10.swift */,
			);
			path = Players;
			sourceTree = "<group>";
		};
		29DAEE802B0D6E200079221B /* View */ = {
			isa = PBXGroup;
			children = (
				2993ED0D2AFECB700077708E /* ContentView.swift */,
				29A5C1332B144A5D00348C3B /* ResultView.swift */,
				14827E132B15133300B5C70E /* VariableView.swift */,
				14827E152B15134200B5C70E /* BalanceView.swift */,
				29A5C1352B144A9000348C3B /* TabBarView.swift */,
			);
			path = View;
			sourceTree = "<group>";
		};
/* End PBXGroup section */

/* Begin PBXNativeTarget section */
		2993ED072AFECB700077708E /* CryptoSimulation */ = {
			isa = PBXNativeTarget;
			buildConfigurationList = 2993ED162AFECB710077708E /* Build configuration list for PBXNativeTarget "CryptoSimulation" */;
			buildPhases = (
				2993ED042AFECB700077708E /* Sources */,
				2993ED052AFECB700077708E /* Frameworks */,
				2993ED062AFECB700077708E /* Resources */,
			);
			buildRules = (
			);
			dependencies = (
			);
			name = CryptoSimulation;
			productName = CryptoSimulation;
			productReference = 2993ED082AFECB700077708E /* CryptoSimulation.app */;
			productType = "com.apple.product-type.application";
		};
/* End PBXNativeTarget section */

/* Begin PBXProject section */
		2993ED002AFECB700077708E /* Project object */ = {
			isa = PBXProject;
			attributes = {
				BuildIndependentTargetsInParallel = 1;
				LastSwiftUpdateCheck = 1500;
				LastUpgradeCheck = 1500;
				TargetAttributes = {
					2993ED072AFECB700077708E = {
						CreatedOnToolsVersion = 15.0.1;
					};
				};
			};
			buildConfigurationList = 2993ED032AFECB700077708E /* Build configuration list for PBXProject "CryptoSimulation" */;
			compatibilityVersion = "Xcode 14.0";
			developmentRegion = en;
			hasScannedForEncodings = 0;
			knownRegions = (
				en,
				Base,
			);
			mainGroup = 2993ECFF2AFECB700077708E;
			productRefGroup = 2993ED092AFECB700077708E /* Products */;
			projectDirPath = "";
			projectRoot = "";
			targets = (
				2993ED072AFECB700077708E /* CryptoSimulation */,
			);
		};
/* End PBXProject section */

/* Begin PBXResourcesBuildPhase section */
		2993ED062AFECB700077708E /* Resources */ = {
			isa = PBXResourcesBuildPhase;
			buildActionMask = 2147483647;
			files = (
				2993ED132AFECB710077708E /* Preview Assets.xcassets in Resources */,
				2993ED102AFECB710077708E /* Assets.xcassets in Resources */,
			);
			runOnlyForDeploymentPostprocessing = 0;
		};
/* End PBXResourcesBuildPhase section */

/* Begin PBXSourcesBuildPhase section */
		2993ED042AFECB700077708E /* Sources */ = {
			isa = PBXSourcesBuildPhase;
			buildActionMask = 2147483647;
			files = (
				14827E182B151B3E00B5C70E /* Player7.swift in Sources */,
				29A5C1252B142BAF00348C3B /* Simulation.swift in Sources */,
				294E3D4A2AFED7910019A55F /* ExtendedEuclidean.swift in Sources */,
				2993ED0E2AFECB700077708E /* ContentView.swift in Sources */,
				294E3D462AFECDA00019A55F /* Player2.swift in Sources */,
				29A5C1302B14350400348C3B /* Player6.swift in Sources */,
				14827E1C2B151B6300B5C70E /* Player9.swift in Sources */,
				29A5C1342B144A5D00348C3B /* ResultView.swift in Sources */,
				294E3D412AFECCFF0019A55F /* Player.swift in Sources */,
				14827E162B15134200B5C70E /* BalanceView.swift in Sources */,
				294E3D482AFED0850019A55F /* VariableGenerator.swift in Sources */,
				14827E1A2B151B4F00B5C70E /* Player8.swift in Sources */,
				29A5C12E2B1434FB00348C3B /* Player5.swift in Sources */,
				29A5C12C2B1434F300348C3B /* Player4.swift in Sources */,
				29A5C12A2B1434E500348C3B /* Player3.swift in Sources */,
				294E3D442AFECD3D0019A55F /* Player1.swift in Sources */,
				29A5C1272B14344A00348C3B /* Player10.swift in Sources */,
				29A5C1362B144A9000348C3B /* TabBarView.swift in Sources */,
				14827E142B15133300B5C70E /* VariableView.swift in Sources */,
				2993ED0C2AFECB700077708E /* CryptoSimulationApp.swift in Sources */,
			);
			runOnlyForDeploymentPostprocessing = 0;
		};
/* End PBXSourcesBuildPhase section */

/* Begin XCBuildConfiguration section */
		2993ED142AFECB710077708E /* Debug */ = {
			isa = XCBuildConfiguration;
			buildSettings = {
				ALWAYS_SEARCH_USER_PATHS = NO;
				ASSETCATALOG_COMPILER_GENERATE_SWIFT_ASSET_SYMBOL_EXTENSIONS = YES;
				CLANG_ANALYZER_NONNULL = YES;
				CLANG_ANALYZER_NUMBER_OBJECT_CONVERSION = YES_AGGRESSIVE;
				CLANG_CXX_LANGUAGE_STANDARD = "gnu++20";
				CLANG_ENABLE_MODULES = YES;
				CLANG_ENABLE_OBJC_ARC = YES;
				CLANG_ENABLE_OBJC_WEAK = YES;
				CLANG_WARN_BLOCK_CAPTURE_AUTORELEASING = YES;
				CLANG_WARN_BOOL_CONVERSION = YES;
				CLANG_WARN_COMMA = YES;
				CLANG_WARN_CONSTANT_CONVERSION = YES;
				CLANG_WARN_DEPRECATED_OBJC_IMPLEMENTATIONS = YES;
				CLANG_WARN_DIRECT_OBJC_ISA_USAGE = YES_ERROR;
				CLANG_WARN_DOCUMENTATION_COMMENTS = YES;
				CLANG_WARN_EMPTY_BODY = YES;
				CLANG_WARN_ENUM_CONVERSION = YES;
				CLANG_WARN_INFINITE_RECURSION = YES;
				CLANG_WARN_INT_CONVERSION = YES;
				CLANG_WARN_NON_LITERAL_NULL_CONVERSION = YES;
				CLANG_WARN_OBJC_IMPLICIT_RETAIN_SELF = YES;
				CLANG_WARN_OBJC_LITERAL_CONVERSION = YES;
				CLANG_WARN_OBJC_ROOT_CLASS = YES_ERROR;
				CLANG_WARN_QUOTED_INCLUDE_IN_FRAMEWORK_HEADER = YES;
				CLANG_WARN_RANGE_LOOP_ANALYSIS = YES;
				CLANG_WARN_STRICT_PROTOTYPES = YES;
				CLANG_WARN_SUSPICIOUS_MOVE = YES;
				CLANG_WARN_UNGUARDED_AVAILABILITY = YES_AGGRESSIVE;
				CLANG_WARN_UNREACHABLE_CODE = YES;
				CLANG_WARN__DUPLICATE_METHOD_MATCH = YES;
				COPY_PHASE_STRIP = NO;
				DEBUG_INFORMATION_FORMAT = dwarf;
				ENABLE_STRICT_OBJC_MSGSEND = YES;
				ENABLE_TESTABILITY = YES;
				ENABLE_USER_SCRIPT_SANDBOXING = YES;
				GCC_C_LANGUAGE_STANDARD = gnu17;
				GCC_DYNAMIC_NO_PIC = NO;
				GCC_NO_COMMON_BLOCKS = YES;
				GCC_OPTIMIZATION_LEVEL = 0;
				GCC_PREPROCESSOR_DEFINITIONS = (
					"DEBUG=1",
					"$(inherited)",
				);
				GCC_WARN_64_TO_32_BIT_CONVERSION = YES;
				GCC_WARN_ABOUT_RETURN_TYPE = YES_ERROR;
				GCC_WARN_UNDECLARED_SELECTOR = YES;
				GCC_WARN_UNINITIALIZED_AUTOS = YES_AGGRESSIVE;
				GCC_WARN_UNUSED_FUNCTION = YES;
				GCC_WARN_UNUSED_VARIABLE = YES;
				IPHONEOS_DEPLOYMENT_TARGET = 17.0;
				LOCALIZATION_PREFERS_STRING_CATALOGS = YES;
				MTL_ENABLE_DEBUG_INFO = INCLUDE_SOURCE;
				MTL_FAST_MATH = YES;
				ONLY_ACTIVE_ARCH = YES;
				SDKROOT = iphoneos;
				SWIFT_ACTIVE_COMPILATION_CONDITIONS = "DEBUG $(inherited)";
				SWIFT_OPTIMIZATION_LEVEL = "-Onone";
			};
			name = Debug;
		};
		2993ED152AFECB710077708E /* Release */ = {
			isa = XCBuildConfiguration;
			buildSettings = {
				ALWAYS_SEARCH_USER_PATHS = NO;
				ASSETCATALOG_COMPILER_GENERATE_SWIFT_ASSET_SYMBOL_EXTENSIONS = YES;
				CLANG_ANALYZER_NONNULL = YES;
				CLANG_ANALYZER_NUMBER_OBJECT_CONVERSION = YES_AGGRESSIVE;
				CLANG_CXX_LANGUAGE_STANDARD = "gnu++20";
				CLANG_ENABLE_MODULES = YES;
				CLANG_ENABLE_OBJC_ARC = YES;
				CLANG_ENABLE_OBJC_WEAK = YES;
				CLANG_WARN_BLOCK_CAPTURE_AUTORELEASING = YES;
				CLANG_WARN_BOOL_CONVERSION = YES;
				CLANG_WARN_COMMA = YES;
				CLANG_WARN_CONSTANT_CONVERSION = YES;
				CLANG_WARN_DEPRECATED_OBJC_IMPLEMENTATIONS = YES;
				CLANG_WARN_DIRECT_OBJC_ISA_USAGE = YES_ERROR;
				CLANG_WARN_DOCUMENTATION_COMMENTS = YES;
				CLANG_WARN_EMPTY_BODY = YES;
				CLANG_WARN_ENUM_CONVERSION = YES;
				CLANG_WARN_INFINITE_RECURSION = YES;
				CLANG_WARN_INT_CONVERSION = YES;
				CLANG_WARN_NON_LITERAL_NULL_CONVERSION = YES;
				CLANG_WARN_OBJC_IMPLICIT_RETAIN_SELF = YES;
				CLANG_WARN_OBJC_LITERAL_CONVERSION = YES;
				CLANG_WARN_OBJC_ROOT_CLASS = YES_ERROR;
				CLANG_WARN_QUOTED_INCLUDE_IN_FRAMEWORK_HEADER = YES;
				CLANG_WARN_RANGE_LOOP_ANALYSIS = YES;
				CLANG_WARN_STRICT_PROTOTYPES = YES;
				CLANG_WARN_SUSPICIOUS_MOVE = YES;
				CLANG_WARN_UNGUARDED_AVAILABILITY = YES_AGGRESSIVE;
				CLANG_WARN_UNREACHABLE_CODE = YES;
				CLANG_WARN__DUPLICATE_METHOD_MATCH = YES;
				COPY_PHASE_STRIP = NO;
				DEBUG_INFORMATION_FORMAT = "dwarf-with-dsym";
				ENABLE_NS_ASSERTIONS = NO;
				ENABLE_STRICT_OBJC_MSGSEND = YES;
				ENABLE_USER_SCRIPT_SANDBOXING = YES;
				GCC_C_LANGUAGE_STANDARD = gnu17;
				GCC_NO_COMMON_BLOCKS = YES;
				GCC_WARN_64_TO_32_BIT_CONVERSION = YES;
				GCC_WARN_ABOUT_RETURN_TYPE = YES_ERROR;
				GCC_WARN_UNDECLARED_SELECTOR = YES;
				GCC_WARN_UNINITIALIZED_AUTOS = YES_AGGRESSIVE;
				GCC_WARN_UNUSED_FUNCTION = YES;
				GCC_WARN_UNUSED_VARIABLE = YES;
				IPHONEOS_DEPLOYMENT_TARGET = 17.0;
				LOCALIZATION_PREFERS_STRING_CATALOGS = YES;
				MTL_ENABLE_DEBUG_INFO = NO;
				MTL_FAST_MATH = YES;
				SDKROOT = iphoneos;
				SWIFT_COMPILATION_MODE = wholemodule;
				VALIDATE_PRODUCT = YES;
			};
			name = Release;
		};
		2993ED172AFECB710077708E /* Debug */ = {
			isa = XCBuildConfiguration;
			buildSettings = {
				ASSETCATALOG_COMPILER_APPICON_NAME = AppIcon;
				ASSETCATALOG_COMPILER_GLOBAL_ACCENT_COLOR_NAME = AccentColor;
				CODE_SIGN_STYLE = Automatic;
				CURRENT_PROJECT_VERSION = 1;
				DEVELOPMENT_ASSET_PATHS = "\"CryptoSimulation/Preview Content\"";
				DEVELOPMENT_TEAM = 3C4JB6XMUT;
				ENABLE_PREVIEWS = YES;
				GENERATE_INFOPLIST_FILE = YES;
				INFOPLIST_KEY_UIApplicationSceneManifest_Generation = YES;
				INFOPLIST_KEY_UIApplicationSupportsIndirectInputEvents = YES;
				INFOPLIST_KEY_UILaunchScreen_Generation = YES;
				INFOPLIST_KEY_UISupportedInterfaceOrientations_iPad = "UIInterfaceOrientationPortrait UIInterfaceOrientationPortraitUpsideDown UIInterfaceOrientationLandscapeLeft UIInterfaceOrientationLandscapeRight";
				INFOPLIST_KEY_UISupportedInterfaceOrientations_iPhone = "UIInterfaceOrientationPortrait UIInterfaceOrientationLandscapeLeft UIInterfaceOrientationLandscapeRight";
				LD_RUNPATH_SEARCH_PATHS = (
					"$(inherited)",
					"@executable_path/Frameworks",
				);
				MARKETING_VERSION = 1.0;
				PRODUCT_BUNDLE_IDENTIFIER = personal.CryptoSimulation;
				PRODUCT_NAME = "$(TARGET_NAME)";
				SWIFT_EMIT_LOC_STRINGS = YES;
				SWIFT_VERSION = 5.0;
				TARGETED_DEVICE_FAMILY = "1,2";
			};
			name = Debug;
		};
		2993ED182AFECB710077708E /* Release */ = {
			isa = XCBuildConfiguration;
			buildSettings = {
				ASSETCATALOG_COMPILER_APPICON_NAME = AppIcon;
				ASSETCATALOG_COMPILER_GLOBAL_ACCENT_COLOR_NAME = AccentColor;
				CODE_SIGN_STYLE = Automatic;
				CURRENT_PROJECT_VERSION = 1;
				DEVELOPMENT_ASSET_PATHS = "\"CryptoSimulation/Preview Content\"";
				DEVELOPMENT_TEAM = 3C4JB6XMUT;
				ENABLE_PREVIEWS = YES;
				GENERATE_INFOPLIST_FILE = YES;
				INFOPLIST_KEY_UIApplicationSceneManifest_Generation = YES;
				INFOPLIST_KEY_UIApplicationSupportsIndirectInputEvents = YES;
				INFOPLIST_KEY_UILaunchScreen_Generation = YES;
				INFOPLIST_KEY_UISupportedInterfaceOrientations_iPad = "UIInterfaceOrientationPortrait UIInterfaceOrientationPortraitUpsideDown UIInterfaceOrientationLandscapeLeft UIInterfaceOrientationLandscapeRight";
				INFOPLIST_KEY_UISupportedInterfaceOrientations_iPhone = "UIInterfaceOrientationPortrait UIInterfaceOrientationLandscapeLeft UIInterfaceOrientationLandscapeRight";
				LD_RUNPATH_SEARCH_PATHS = (
					"$(inherited)",
					"@executable_path/Frameworks",
				);
				MARKETING_VERSION = 1.0;
				PRODUCT_BUNDLE_IDENTIFIER = personal.CryptoSimulation;
				PRODUCT_NAME = "$(TARGET_NAME)";
				SWIFT_EMIT_LOC_STRINGS = YES;
				SWIFT_VERSION = 5.0;
				TARGETED_DEVICE_FAMILY = "1,2";
			};
			name = Release;
		};
/* End XCBuildConfiguration section */

/* Begin XCConfigurationList section */
		2993ED032AFECB700077708E /* Build configuration list for PBXProject "CryptoSimulation" */ = {
			isa = XCConfigurationList;
			buildConfigurations = (
				2993ED142AFECB710077708E /* Debug */,
				2993ED152AFECB710077708E /* Release */,
			);
			defaultConfigurationIsVisible = 0;
			defaultConfigurationName = Release;
		};
		2993ED162AFECB710077708E /* Build configuration list for PBXNativeTarget "CryptoSimulation" */ = {
			isa = XCConfigurationList;
			buildConfigurations = (
				2993ED172AFECB710077708E /* Debug */,
				2993ED182AFECB710077708E /* Release */,
			);
			defaultConfigurationIsVisible = 0;
			defaultConfigurationName = Release;
		};
/* End XCConfigurationList section */
	};
	rootObject = 2993ED002AFECB700077708E /* Project object */;
}
